// !$*UTF8*$!
{
	archiveVersion = 1;
	classes = {
	};
	objectVersion = 46;
	objects = {

/* Begin PBXBuildFile section */
		07F966D818C5BA1200B394AF /* CoreFoundation.framework in Frameworks */ = {isa = PBXBuildFile; fileRef = 07F966D718C5BA1200B394AF /* CoreFoundation.framework */; };
		07F966E718C5BA6500B394AF /* MIPSCPU.m in Sources */ = {isa = PBXBuildFile; fileRef = 07F966E618C5BA6500B394AF /* MIPSCPU.m */; };
		07F966EB18C5BAFE00B394AF /* MIPSCSCtx.m in Sources */ = {isa = PBXBuildFile; fileRef = 07F966EA18C5BAFE00B394AF /* MIPSCSCtx.m */; };
		18391054057476597C135B4F /* NSArray+InsCond.m in Sources */ = {isa = PBXBuildFile; fileRef = 18391BC5C27423AF373B975D /* NSArray+InsCond.m */; };
		1839115A636E1E176363A149 /* InsOp.m in Sources */ = {isa = PBXBuildFile; fileRef = 183919A91BD2E9D9B68765D1 /* InsOp.m */; };
		1839135D086073BBAE258ACA /* InsCond.m in Sources */ = {isa = PBXBuildFile; fileRef = 183915390A24D69A9144188E /* InsCond.m */; };
		183913B08A195E5DC1F04989 /* Insn.m in Sources */ = {isa = PBXBuildFile; fileRef = 18391F75EEBCFE687066EDF7 /* Insn.m */; };
		183913B94CE0E68A9C1F43CD /* NSArray+InsCond.m in Sources */ = {isa = PBXBuildFile; fileRef = 18391BC5C27423AF373B975D /* NSArray+InsCond.m */; };
		183914DE08D70EAF6963BE5A /* InsOpTests.m in Sources */ = {isa = PBXBuildFile; fileRef = 18391B769A7E7CA7C2C16427 /* InsOpTests.m */; };
		183915AE3270FEB5F5F2E6B1 /* InsDef.m in Sources */ = {isa = PBXBuildFile; fileRef = 1839137DF86660D18F41C656 /* InsDef.m */; };
		1839160EB1DD24924F5342D0 /* BitRangeTests.m in Sources */ = {isa = PBXBuildFile; fileRef = 183912E024821EA282C14F08 /* BitRangeTests.m */; };
		1839187294BC6F56FF368ED1 /* NSArray+BitRange.m in Sources */ = {isa = PBXBuildFile; fileRef = 183918592BF5CA80FC8F499B /* NSArray+BitRange.m */; };
		18391A9A053B7A534D23557A /* Insn.m in Sources */ = {isa = PBXBuildFile; fileRef = 18391F75EEBCFE687066EDF7 /* Insn.m */; };
		18391A9A17D73EBB9E02F93D /* opcodes.plist in Resources */ = {isa = PBXBuildFile; fileRef = 18391D5A9937E25DDFD1EF3F /* opcodes.plist */; };
		18391BFFFC3A41E7A5AAFAD5 /* InsCond.m in Sources */ = {isa = PBXBuildFile; fileRef = 183915390A24D69A9144188E /* InsCond.m */; };
		18391C3D18A66EC0F88A4319 /* InsCondTests.m in Sources */ = {isa = PBXBuildFile; fileRef = 18391336272A0EA447A90826 /* InsCondTests.m */; };
		18391C57AEE8EC3940CF2B23 /* BitRange.m in Sources */ = {isa = PBXBuildFile; fileRef = 1839190E805CA62D9338FD36 /* BitRange.m */; };
		18391CBD36501E06EA3EDC71 /* MIPSCtx.m in Sources */ = {isa = PBXBuildFile; fileRef = 18391184BB7CD7E4AA30DB70 /* MIPSCtx.m */; };
		18391E0457BFE57311A49BA0 /* NSArray+BitRange.m in Sources */ = {isa = PBXBuildFile; fileRef = 183918592BF5CA80FC8F499B /* NSArray+BitRange.m */; };
		18391E1393EED7CC5C373730 /* NSArray+BitRangeTests.m in Sources */ = {isa = PBXBuildFile; fileRef = 183915DCACF3D8394061724D /* NSArray+BitRangeTests.m */; };
		371377771DEA2CEC00488C71 /* README.md in Resources */ = {isa = PBXBuildFile; fileRef = 3738176C1DE9F70E0082A38B /* README.md */; };
		3738176F1DE9F9F00082A38B /* LICENSE in Resources */ = {isa = PBXBuildFile; fileRef = 3738176E1DE9F9F00082A38B /* LICENSE */; };
		375301B71DF222F100D0F32F /* cs.c in Sources */ = {isa = PBXBuildFile; fileRef = 375301A81DF222F100D0F32F /* cs.c */; };
		375301B81DF222F100D0F32F /* MCInst.c in Sources */ = {isa = PBXBuildFile; fileRef = 375301AD1DF222F100D0F32F /* MCInst.c */; };
		375301B91DF222F100D0F32F /* MCInstrDesc.c in Sources */ = {isa = PBXBuildFile; fileRef = 375301AF1DF222F100D0F32F /* MCInstrDesc.c */; };
		375301BA1DF222F100D0F32F /* MCRegisterInfo.c in Sources */ = {isa = PBXBuildFile; fileRef = 375301B11DF222F100D0F32F /* MCRegisterInfo.c */; };
		375301BB1DF222F100D0F32F /* SStream.c in Sources */ = {isa = PBXBuildFile; fileRef = 375301B31DF222F100D0F32F /* SStream.c */; };
		375301BC1DF222F100D0F32F /* utils.c in Sources */ = {isa = PBXBuildFile; fileRef = 375301B51DF222F100D0F32F /* utils.c */; };
		375301CF1DF2236600D0F32F /* MipsDisassembler.c in Sources */ = {isa = PBXBuildFile; fileRef = 375301C21DF2236600D0F32F /* MipsDisassembler.c */; };
		375301D51DF2236600D0F32F /* MipsInstPrinter.c in Sources */ = {isa = PBXBuildFile; fileRef = 375301C91DF2236600D0F32F /* MipsInstPrinter.c */; };
		375301D61DF2236600D0F32F /* MipsMapping.c in Sources */ = {isa = PBXBuildFile; fileRef = 375301CB1DF2236600D0F32F /* MipsMapping.c */; };
		375301D81DF2236600D0F32F /* MipsModule.c in Sources */ = {isa = PBXBuildFile; fileRef = 375301CE1DF2236600D0F32F /* MipsModule.c */; };
		37AABE1A1DD9B825002E3755 /* InfoPlist.strings in Resources */ = {isa = PBXBuildFile; fileRef = 07F966DC18C5BA1200B394AF /* InfoPlist.strings */; };
		37D6E0F01EED92CB00FE96ED /* InsDefTests.m in Sources */ = {isa = PBXBuildFile; fileRef = 37D6E0EF1EED92CB00FE96ED /* InsDefTests.m */; };
		37D6E0F11EED988500FE96ED /* InsDef.m in Sources */ = {isa = PBXBuildFile; fileRef = 1839137DF86660D18F41C656 /* InsDef.m */; };
		37D6E0F21EED98A600FE96ED /* BitRange.m in Sources */ = {isa = PBXBuildFile; fileRef = 1839190E805CA62D9338FD36 /* BitRange.m */; };
		37D6E0F31EED98AA00FE96ED /* InsOp.m in Sources */ = {isa = PBXBuildFile; fileRef = 183919A91BD2E9D9B68765D1 /* InsOp.m */; };
/* End PBXBuildFile section */

/* Begin PBXFileReference section */
		07F966D418C5BA1200B394AF /* MIPSCPU.hopperCPU */ = {isa = PBXFileReference; explicitFileType = wrapper.cfbundle; includeInIndex = 0; path = MIPSCPU.hopperCPU; sourceTree = BUILT_PRODUCTS_DIR; };
		07F966D718C5BA1200B394AF /* CoreFoundation.framework */ = {isa = PBXFileReference; lastKnownFileType = wrapper.framework; name = CoreFoundation.framework; path = System/Library/Frameworks/CoreFoundation.framework; sourceTree = SDKROOT; };
		07F966DB18C5BA1200B394AF /* MIPSCPU-Info.plist */ = {isa = PBXFileReference; lastKnownFileType = text.plist.xml; path = "MIPSCPU-Info.plist"; sourceTree = "<group>"; };
		07F966DD18C5BA1200B394AF /* en */ = {isa = PBXFileReference; lastKnownFileType = text.plist.strings; name = en; path = en.lproj/InfoPlist.strings; sourceTree = "<group>"; };
		07F966DF18C5BA1200B394AF /* MIPSCPU-Prefix.pch */ = {isa = PBXFileReference; lastKnownFileType = sourcecode.c.h; path = "MIPSCPU-Prefix.pch"; sourceTree = "<group>"; };
		07F966E518C5BA6500B394AF /* MIPSCPU.h */ = {isa = PBXFileReference; fileEncoding = 4; lastKnownFileType = sourcecode.c.h; path = MIPSCPU.h; sourceTree = "<group>"; };
		07F966E618C5BA6500B394AF /* MIPSCPU.m */ = {isa = PBXFileReference; fileEncoding = 4; lastKnownFileType = sourcecode.c.objc; path = MIPSCPU.m; sourceTree = "<group>"; };
		07F966E918C5BAFE00B394AF /* MIPSCSCtx.h */ = {isa = PBXFileReference; fileEncoding = 4; lastKnownFileType = sourcecode.c.h; path = MIPSCSCtx.h; sourceTree = "<group>"; };
		07F966EA18C5BAFE00B394AF /* MIPSCSCtx.m */ = {isa = PBXFileReference; fileEncoding = 4; lastKnownFileType = sourcecode.c.objc; path = MIPSCSCtx.m; sourceTree = "<group>"; };
		183910343470F52CC984048E /* InsDef.h */ = {isa = PBXFileReference; fileEncoding = 4; lastKnownFileType = sourcecode.c.h; path = InsDef.h; sourceTree = "<group>"; };
		18391184BB7CD7E4AA30DB70 /* MIPSCtx.m */ = {isa = PBXFileReference; fileEncoding = 4; lastKnownFileType = sourcecode.c.objc; path = MIPSCtx.m; sourceTree = "<group>"; };
		183911F5C1E82F75CCFBDF73 /* CMakeLists.txt */ = {isa = PBXFileReference; fileEncoding = 4; lastKnownFileType = text; name = CMakeLists.txt; path = ../CMakeLists.txt; sourceTree = "<group>"; };
		1839129C7A410747909F25EC /* InsOp.h */ = {isa = PBXFileReference; fileEncoding = 4; lastKnownFileType = sourcecode.c.h; path = InsOp.h; sourceTree = "<group>"; };
		183912E024821EA282C14F08 /* BitRangeTests.m */ = {isa = PBXFileReference; fileEncoding = 4; lastKnownFileType = sourcecode.c.objc; path = BitRangeTests.m; sourceTree = "<group>"; };
		18391336272A0EA447A90826 /* InsCondTests.m */ = {isa = PBXFileReference; fileEncoding = 4; lastKnownFileType = sourcecode.c.objc; name = InsCondTests.m; path = MIPSCPU/InsCondTests.m; sourceTree = SOURCE_ROOT; };
		1839136F6C6DE333A67B5B0E /* Info.plist.in */ = {isa = PBXFileReference; lastKnownFileType = text.xml; name = Info.plist.in; path = ../Info.plist.in; sourceTree = "<group>"; };
		1839137DF86660D18F41C656 /* InsDef.m */ = {isa = PBXFileReference; fileEncoding = 4; lastKnownFileType = sourcecode.c.objc; path = InsDef.m; sourceTree = "<group>"; };
		183913EB48EC00951193D3DC /* NSArray+InsCond.h */ = {isa = PBXFileReference; fileEncoding = 4; lastKnownFileType = sourcecode.c.h; path = "NSArray+InsCond.h"; sourceTree = "<group>"; };
		183914D56D73DCF4603FD137 /* InsCond.h */ = {isa = PBXFileReference; fileEncoding = 4; lastKnownFileType = sourcecode.c.h; path = InsCond.h; sourceTree = "<group>"; };
		183915390A24D69A9144188E /* InsCond.m */ = {isa = PBXFileReference; fileEncoding = 4; lastKnownFileType = sourcecode.c.objc; path = InsCond.m; sourceTree = "<group>"; };
		183915A74DB91A79FFC3BD96 /* MIPSCtx.h */ = {isa = PBXFileReference; fileEncoding = 4; lastKnownFileType = sourcecode.c.h; path = MIPSCtx.h; sourceTree = "<group>"; };
		183915DCACF3D8394061724D /* NSArray+BitRangeTests.m */ = {isa = PBXFileReference; fileEncoding = 4; lastKnownFileType = sourcecode.c.objc; path = "NSArray+BitRangeTests.m"; sourceTree = "<group>"; };
		183918592BF5CA80FC8F499B /* NSArray+BitRange.m */ = {isa = PBXFileReference; fileEncoding = 4; lastKnownFileType = sourcecode.c.objc; path = "NSArray+BitRange.m"; sourceTree = "<group>"; };
		1839190E805CA62D9338FD36 /* BitRange.m */ = {isa = PBXFileReference; fileEncoding = 4; lastKnownFileType = sourcecode.c.objc; path = BitRange.m; sourceTree = "<group>"; };
		183919A91BD2E9D9B68765D1 /* InsOp.m */ = {isa = PBXFileReference; fileEncoding = 4; lastKnownFileType = sourcecode.c.objc; path = InsOp.m; sourceTree = "<group>"; };
		18391A1169FEA58729311F60 /* BitRange.h */ = {isa = PBXFileReference; fileEncoding = 4; lastKnownFileType = sourcecode.c.h; path = BitRange.h; sourceTree = "<group>"; };
		18391B769A7E7CA7C2C16427 /* InsOpTests.m */ = {isa = PBXFileReference; fileEncoding = 4; lastKnownFileType = sourcecode.c.objc; path = InsOpTests.m; sourceTree = "<group>"; };
		18391BC5C27423AF373B975D /* NSArray+InsCond.m */ = {isa = PBXFileReference; fileEncoding = 4; lastKnownFileType = sourcecode.c.objc; path = "NSArray+InsCond.m"; sourceTree = "<group>"; };
		18391D2AEDD01111ADCEAFA1 /* Insn.h */ = {isa = PBXFileReference; fileEncoding = 4; lastKnownFileType = sourcecode.c.h; path = Insn.h; sourceTree = "<group>"; };
		18391D5A9937E25DDFD1EF3F /* opcodes.plist */ = {isa = PBXFileReference; fileEncoding = 4; lastKnownFileType = text.plist; path = opcodes.plist; sourceTree = "<group>"; };
		18391F2B2AD679DF42832709 /* NSArray+BitRange.h */ = {isa = PBXFileReference; fileEncoding = 4; lastKnownFileType = sourcecode.c.h; path = "NSArray+BitRange.h"; sourceTree = "<group>"; };
		18391F75EEBCFE687066EDF7 /* Insn.m */ = {isa = PBXFileReference; fileEncoding = 4; lastKnownFileType = sourcecode.c.objc; path = Insn.m; sourceTree = "<group>"; };
		3738176C1DE9F70E0082A38B /* README.md */ = {isa = PBXFileReference; fileEncoding = 4; lastKnownFileType = net.daringfireball.markdown; path = README.md; sourceTree = "<group>"; };
		3738176E1DE9F9F00082A38B /* LICENSE */ = {isa = PBXFileReference; fileEncoding = 1; lastKnownFileType = text; path = LICENSE; sourceTree = "<group>"; };
		375301A71DF222F100D0F32F /* cs_priv.h */ = {isa = PBXFileReference; fileEncoding = 4; lastKnownFileType = sourcecode.c.h; name = cs_priv.h; path = capstone/cs_priv.h; sourceTree = "<group>"; };
		375301A81DF222F100D0F32F /* cs.c */ = {isa = PBXFileReference; fileEncoding = 4; lastKnownFileType = sourcecode.c.c; name = cs.c; path = capstone/cs.c; sourceTree = "<group>"; };
		375301A91DF222F100D0F32F /* LEB128.h */ = {isa = PBXFileReference; fileEncoding = 4; lastKnownFileType = sourcecode.c.h; name = LEB128.h; path = capstone/LEB128.h; sourceTree = "<group>"; };
		375301AA1DF222F100D0F32F /* MathExtras.h */ = {isa = PBXFileReference; fileEncoding = 4; lastKnownFileType = sourcecode.c.h; name = MathExtras.h; path = capstone/MathExtras.h; sourceTree = "<group>"; };
		375301AB1DF222F100D0F32F /* MCDisassembler.h */ = {isa = PBXFileReference; fileEncoding = 4; lastKnownFileType = sourcecode.c.h; name = MCDisassembler.h; path = capstone/MCDisassembler.h; sourceTree = "<group>"; };
		375301AC1DF222F100D0F32F /* MCFixedLenDisassembler.h */ = {isa = PBXFileReference; fileEncoding = 4; lastKnownFileType = sourcecode.c.h; name = MCFixedLenDisassembler.h; path = capstone/MCFixedLenDisassembler.h; sourceTree = "<group>"; };
		375301AD1DF222F100D0F32F /* MCInst.c */ = {isa = PBXFileReference; fileEncoding = 4; lastKnownFileType = sourcecode.c.c; name = MCInst.c; path = capstone/MCInst.c; sourceTree = "<group>"; };
		375301AE1DF222F100D0F32F /* MCInst.h */ = {isa = PBXFileReference; fileEncoding = 4; lastKnownFileType = sourcecode.c.h; name = MCInst.h; path = capstone/MCInst.h; sourceTree = "<group>"; };
		375301AF1DF222F100D0F32F /* MCInstrDesc.c */ = {isa = PBXFileReference; fileEncoding = 4; lastKnownFileType = sourcecode.c.c; name = MCInstrDesc.c; path = capstone/MCInstrDesc.c; sourceTree = "<group>"; };
		375301B01DF222F100D0F32F /* MCInstrDesc.h */ = {isa = PBXFileReference; fileEncoding = 4; lastKnownFileType = sourcecode.c.h; name = MCInstrDesc.h; path = capstone/MCInstrDesc.h; sourceTree = "<group>"; };
		375301B11DF222F100D0F32F /* MCRegisterInfo.c */ = {isa = PBXFileReference; fileEncoding = 4; lastKnownFileType = sourcecode.c.c; name = MCRegisterInfo.c; path = capstone/MCRegisterInfo.c; sourceTree = "<group>"; };
		375301B21DF222F100D0F32F /* MCRegisterInfo.h */ = {isa = PBXFileReference; fileEncoding = 4; lastKnownFileType = sourcecode.c.h; name = MCRegisterInfo.h; path = capstone/MCRegisterInfo.h; sourceTree = "<group>"; };
		375301B31DF222F100D0F32F /* SStream.c */ = {isa = PBXFileReference; fileEncoding = 4; lastKnownFileType = sourcecode.c.c; name = SStream.c; path = capstone/SStream.c; sourceTree = "<group>"; };
		375301B41DF222F100D0F32F /* SStream.h */ = {isa = PBXFileReference; fileEncoding = 4; lastKnownFileType = sourcecode.c.h; name = SStream.h; path = capstone/SStream.h; sourceTree = "<group>"; };
		375301B51DF222F100D0F32F /* utils.c */ = {isa = PBXFileReference; fileEncoding = 4; lastKnownFileType = sourcecode.c.c; name = utils.c; path = capstone/utils.c; sourceTree = "<group>"; };
		375301B61DF222F100D0F32F /* utils.h */ = {isa = PBXFileReference; fileEncoding = 4; lastKnownFileType = sourcecode.c.h; name = utils.h; path = capstone/utils.h; sourceTree = "<group>"; };
		375301C21DF2236600D0F32F /* MipsDisassembler.c */ = {isa = PBXFileReference; fileEncoding = 4; lastKnownFileType = sourcecode.c.c; name = MipsDisassembler.c; path = capstone/arch/Mips/MipsDisassembler.c; sourceTree = "<group>"; };
		375301C31DF2236600D0F32F /* MipsDisassembler.h */ = {isa = PBXFileReference; fileEncoding = 4; lastKnownFileType = sourcecode.c.h; name = MipsDisassembler.h; path = capstone/arch/Mips/MipsDisassembler.h; sourceTree = "<group>"; };
		375301C41DF2236600D0F32F /* MipsGenAsmWriter.inc */ = {isa = PBXFileReference; fileEncoding = 1; lastKnownFileType = sourcecode.pascal; name = MipsGenAsmWriter.inc; path = capstone/arch/Mips/MipsGenAsmWriter.inc; sourceTree = "<group>"; };
		375301C51DF2236600D0F32F /* MipsGenDisassemblerTables.inc */ = {isa = PBXFileReference; fileEncoding = 1; lastKnownFileType = sourcecode.pascal; name = MipsGenDisassemblerTables.inc; path = capstone/arch/Mips/MipsGenDisassemblerTables.inc; sourceTree = "<group>"; };
		375301C61DF2236600D0F32F /* MipsGenInstrInfo.inc */ = {isa = PBXFileReference; fileEncoding = 1; lastKnownFileType = sourcecode.pascal; name = MipsGenInstrInfo.inc; path = capstone/arch/Mips/MipsGenInstrInfo.inc; sourceTree = "<group>"; };
		375301C71DF2236600D0F32F /* MipsGenRegisterInfo.inc */ = {isa = PBXFileReference; fileEncoding = 1; lastKnownFileType = sourcecode.pascal; name = MipsGenRegisterInfo.inc; path = capstone/arch/Mips/MipsGenRegisterInfo.inc; sourceTree = "<group>"; };
		375301C81DF2236600D0F32F /* MipsGenSubtargetInfo.inc */ = {isa = PBXFileReference; fileEncoding = 1; lastKnownFileType = sourcecode.pascal; name = MipsGenSubtargetInfo.inc; path = capstone/arch/Mips/MipsGenSubtargetInfo.inc; sourceTree = "<group>"; };
		375301C91DF2236600D0F32F /* MipsInstPrinter.c */ = {isa = PBXFileReference; fileEncoding = 4; lastKnownFileType = sourcecode.c.c; name = MipsInstPrinter.c; path = capstone/arch/Mips/MipsInstPrinter.c; sourceTree = "<group>"; };
		375301CA1DF2236600D0F32F /* MipsInstPrinter.h */ = {isa = PBXFileReference; fileEncoding = 4; lastKnownFileType = sourcecode.c.h; name = MipsInstPrinter.h; path = capstone/arch/Mips/MipsInstPrinter.h; sourceTree = "<group>"; };
		375301CB1DF2236600D0F32F /* MipsMapping.c */ = {isa = PBXFileReference; fileEncoding = 4; lastKnownFileType = sourcecode.c.c; name = MipsMapping.c; path = capstone/arch/Mips/MipsMapping.c; sourceTree = "<group>"; };
		375301CC1DF2236600D0F32F /* MipsMapping.h */ = {isa = PBXFileReference; fileEncoding = 4; lastKnownFileType = sourcecode.c.h; name = MipsMapping.h; path = capstone/arch/Mips/MipsMapping.h; sourceTree = "<group>"; };
		375301CD1DF2236600D0F32F /* MipsMappingInsn.inc */ = {isa = PBXFileReference; fileEncoding = 1; lastKnownFileType = sourcecode.pascal; name = MipsMappingInsn.inc; path = capstone/arch/Mips/MipsMappingInsn.inc; sourceTree = "<group>"; };
		375301CE1DF2236600D0F32F /* MipsModule.c */ = {isa = PBXFileReference; fileEncoding = 4; lastKnownFileType = sourcecode.c.c; name = MipsModule.c; path = capstone/arch/Mips/MipsModule.c; sourceTree = "<group>"; };
		375301DE1DF2252B00D0F32F /* capstone.h */ = {isa = PBXFileReference; fileEncoding = 4; lastKnownFileType = sourcecode.c.h; name = capstone.h; path = capstone/include/capstone/capstone.h; sourceTree = "<group>"; };
		375301DF1DF2252B00D0F32F /* mips.h */ = {isa = PBXFileReference; fileEncoding = 4; lastKnownFileType = sourcecode.c.h; name = mips.h; path = capstone/include/capstone/mips.h; sourceTree = "<group>"; };
		375301E01DF2252B00D0F32F /* platform.h */ = {isa = PBXFileReference; fileEncoding = 4; lastKnownFileType = sourcecode.c.h; name = platform.h; path = capstone/include/capstone/platform.h; sourceTree = "<group>"; };
		37D6E0E71EED92AB00FE96ED /* MIPSCPUTests.xctest */ = {isa = PBXFileReference; explicitFileType = wrapper.cfbundle; includeInIndex = 0; path = MIPSCPUTests.xctest; sourceTree = BUILT_PRODUCTS_DIR; };
		37D6E0EB1EED92AB00FE96ED /* Info.plist */ = {isa = PBXFileReference; lastKnownFileType = text.plist.xml; path = Info.plist; sourceTree = "<group>"; };
		37D6E0EF1EED92CB00FE96ED /* InsDefTests.m */ = {isa = PBXFileReference; fileEncoding = 4; lastKnownFileType = sourcecode.c.objc; path = InsDefTests.m; sourceTree = "<group>"; };
		37FA202F1EF55C9D000CEFDC /* opcodes.md */ = {isa = PBXFileReference; lastKnownFileType = net.daringfireball.markdown; path = opcodes.md; sourceTree = "<group>"; };
/* End PBXFileReference section */

/* Begin PBXFrameworksBuildPhase section */
		07F966D118C5BA1200B394AF /* Frameworks */ = {
			isa = PBXFrameworksBuildPhase;
			buildActionMask = 2147483647;
			files = (
				07F966D818C5BA1200B394AF /* CoreFoundation.framework in Frameworks */,
			);
			runOnlyForDeploymentPostprocessing = 0;
		};
		37D6E0E41EED92AB00FE96ED /* Frameworks */ = {
			isa = PBXFrameworksBuildPhase;
			buildActionMask = 2147483647;
			files = (
			);
			runOnlyForDeploymentPostprocessing = 0;
		};
/* End PBXFrameworksBuildPhase section */

/* Begin PBXGroup section */
		07F966CB18C5BA1200B394AF = {
			isa = PBXGroup;
			children = (
				3738176E1DE9F9F00082A38B /* LICENSE */,
				3738176C1DE9F70E0082A38B /* README.md */,
				37FA202F1EF55C9D000CEFDC /* opcodes.md */,
				07F966D918C5BA1200B394AF /* MIPSCPU */,
				375301A61DF2229300D0F32F /* capstone */,
				07F966DA18C5BA1200B394AF /* Supporting Files */,
				37D6E0E81EED92AB00FE96ED /* MIPSCPUTests */,
				07F966D618C5BA1200B394AF /* Frameworks */,
				07F966D518C5BA1200B394AF /* Products */,
			);
			sourceTree = "<group>";
		};
		07F966D518C5BA1200B394AF /* Products */ = {
			isa = PBXGroup;
			children = (
				07F966D418C5BA1200B394AF /* MIPSCPU.hopperCPU */,
				37D6E0E71EED92AB00FE96ED /* MIPSCPUTests.xctest */,
			);
			name = Products;
			sourceTree = "<group>";
		};
		07F966D618C5BA1200B394AF /* Frameworks */ = {
			isa = PBXGroup;
			children = (
				07F966D718C5BA1200B394AF /* CoreFoundation.framework */,
			);
			name = Frameworks;
			sourceTree = "<group>";
		};
		07F966D918C5BA1200B394AF /* MIPSCPU */ = {
			isa = PBXGroup;
			children = (
				07F966E518C5BA6500B394AF /* MIPSCPU.h */,
				07F966E618C5BA6500B394AF /* MIPSCPU.m */,
				07F966E918C5BAFE00B394AF /* MIPSCSCtx.h */,
				07F966EA18C5BAFE00B394AF /* MIPSCSCtx.m */,
				18391184BB7CD7E4AA30DB70 /* MIPSCtx.m */,
				183915A74DB91A79FFC3BD96 /* MIPSCtx.h */,
				1839137DF86660D18F41C656 /* InsDef.m */,
				183910343470F52CC984048E /* InsDef.h */,
				1839190E805CA62D9338FD36 /* BitRange.m */,
				18391A1169FEA58729311F60 /* BitRange.h */,
				183919A91BD2E9D9B68765D1 /* InsOp.m */,
				1839129C7A410747909F25EC /* InsOp.h */,
				18391D5A9937E25DDFD1EF3F /* opcodes.plist */,
				183918592BF5CA80FC8F499B /* NSArray+BitRange.m */,
				18391F2B2AD679DF42832709 /* NSArray+BitRange.h */,
				18391F75EEBCFE687066EDF7 /* Insn.m */,
				18391D2AEDD01111ADCEAFA1 /* Insn.h */,
				183915390A24D69A9144188E /* InsCond.m */,
				183914D56D73DCF4603FD137 /* InsCond.h */,
				18391BC5C27423AF373B975D /* NSArray+InsCond.m */,
				183913EB48EC00951193D3DC /* NSArray+InsCond.h */,
			);
			path = MIPSCPU;
			sourceTree = "<group>";
		};
		07F966DA18C5BA1200B394AF /* Supporting Files */ = {
			isa = PBXGroup;
			children = (
				183911F5C1E82F75CCFBDF73 /* CMakeLists.txt */,
				1839136F6C6DE333A67B5B0E /* Info.plist.in */,
				07F966DB18C5BA1200B394AF /* MIPSCPU-Info.plist */,
				07F966DC18C5BA1200B394AF /* InfoPlist.strings */,
				07F966DF18C5BA1200B394AF /* MIPSCPU-Prefix.pch */,
			);
			name = "Supporting Files";
			path = MIPSCPU;
			sourceTree = "<group>";
		};
		375301A61DF2229300D0F32F /* capstone */ = {
			isa = PBXGroup;
			children = (
				375301D91DF224A500D0F32F /* include */,
				375301C01DF2234C00D0F32F /* arch */,
				375301A71DF222F100D0F32F /* cs_priv.h */,
				375301A81DF222F100D0F32F /* cs.c */,
				375301A91DF222F100D0F32F /* LEB128.h */,
				375301AA1DF222F100D0F32F /* MathExtras.h */,
				375301AB1DF222F100D0F32F /* MCDisassembler.h */,
				375301AC1DF222F100D0F32F /* MCFixedLenDisassembler.h */,
				375301AD1DF222F100D0F32F /* MCInst.c */,
				375301AE1DF222F100D0F32F /* MCInst.h */,
				375301AF1DF222F100D0F32F /* MCInstrDesc.c */,
				375301B01DF222F100D0F32F /* MCInstrDesc.h */,
				375301B11DF222F100D0F32F /* MCRegisterInfo.c */,
				375301B21DF222F100D0F32F /* MCRegisterInfo.h */,
				375301B31DF222F100D0F32F /* SStream.c */,
				375301B41DF222F100D0F32F /* SStream.h */,
				375301B51DF222F100D0F32F /* utils.c */,
				375301B61DF222F100D0F32F /* utils.h */,
			);
			name = capstone;
			sourceTree = "<group>";
		};
		375301C01DF2234C00D0F32F /* arch */ = {
			isa = PBXGroup;
			children = (
				375301C11DF2235100D0F32F /* Mips */,
			);
			name = arch;
			sourceTree = "<group>";
		};
		375301C11DF2235100D0F32F /* Mips */ = {
			isa = PBXGroup;
			children = (
				375301C21DF2236600D0F32F /* MipsDisassembler.c */,
				375301C31DF2236600D0F32F /* MipsDisassembler.h */,
				375301C41DF2236600D0F32F /* MipsGenAsmWriter.inc */,
				375301C51DF2236600D0F32F /* MipsGenDisassemblerTables.inc */,
				375301C61DF2236600D0F32F /* MipsGenInstrInfo.inc */,
				375301C71DF2236600D0F32F /* MipsGenRegisterInfo.inc */,
				375301C81DF2236600D0F32F /* MipsGenSubtargetInfo.inc */,
				375301C91DF2236600D0F32F /* MipsInstPrinter.c */,
				375301CA1DF2236600D0F32F /* MipsInstPrinter.h */,
				375301CB1DF2236600D0F32F /* MipsMapping.c */,
				375301CC1DF2236600D0F32F /* MipsMapping.h */,
				375301CD1DF2236600D0F32F /* MipsMappingInsn.inc */,
				375301CE1DF2236600D0F32F /* MipsModule.c */,
			);
			name = Mips;
			sourceTree = "<group>";
		};
		375301D91DF224A500D0F32F /* include */ = {
			isa = PBXGroup;
			children = (
				375301DD1DF2251400D0F32F /* capstone */,
			);
			name = include;
			sourceTree = "<group>";
		};
		375301DD1DF2251400D0F32F /* capstone */ = {
			isa = PBXGroup;
			children = (
				375301DE1DF2252B00D0F32F /* capstone.h */,
				375301DF1DF2252B00D0F32F /* mips.h */,
				375301E01DF2252B00D0F32F /* platform.h */,
			);
			name = capstone;
			sourceTree = "<group>";
		};
		37D6E0E81EED92AB00FE96ED /* MIPSCPUTests */ = {
			isa = PBXGroup;
			children = (
				37D6E0EB1EED92AB00FE96ED /* Info.plist */,
				37D6E0EF1EED92CB00FE96ED /* InsDefTests.m */,
				183912E024821EA282C14F08 /* BitRangeTests.m */,
				183915DCACF3D8394061724D /* NSArray+BitRangeTests.m */,
				18391336272A0EA447A90826 /* InsCondTests.m */,
				18391B769A7E7CA7C2C16427 /* InsOpTests.m */,
			);
			path = MIPSCPUTests;
			sourceTree = "<group>";
		};
/* End PBXGroup section */

/* Begin PBXNativeTarget section */
		07F966D318C5BA1200B394AF /* MIPSCPU */ = {
			isa = PBXNativeTarget;
			buildConfigurationList = 07F966E218C5BA1200B394AF /* Build configuration list for PBXNativeTarget "MIPSCPU" */;
			buildPhases = (
				07F966D018C5BA1200B394AF /* Sources */,
				07F966D118C5BA1200B394AF /* Frameworks */,
				07F966D218C5BA1200B394AF /* Resources */,
				07F966E818C5BA8B00B394AF /* Run Script (Installation) */,
			);
			buildRules = (
			);
			dependencies = (
			);
			name = MIPSCPU;
			productName = MIPSCPU;
			productReference = 07F966D418C5BA1200B394AF /* MIPSCPU.hopperCPU */;
			productType = "com.apple.product-type.bundle";
		};
		37D6E0E61EED92AB00FE96ED /* MIPSCPUTests */ = {
			isa = PBXNativeTarget;
			buildConfigurationList = 37D6E0EC1EED92AB00FE96ED /* Build configuration list for PBXNativeTarget "MIPSCPUTests" */;
			buildPhases = (
				37D6E0E31EED92AB00FE96ED /* Sources */,
				37D6E0E41EED92AB00FE96ED /* Frameworks */,
				37D6E0E51EED92AB00FE96ED /* Resources */,
			);
			buildRules = (
			);
			dependencies = (
			);
			name = MIPSCPUTests;
			productName = MIPSCPUTests;
			productReference = 37D6E0E71EED92AB00FE96ED /* MIPSCPUTests.xctest */;
			productType = "com.apple.product-type.bundle.unit-test";
		};
/* End PBXNativeTarget section */

/* Begin PBXProject section */
		07F966CC18C5BA1200B394AF /* Project object */ = {
			isa = PBXProject;
			attributes = {
				LastUpgradeCheck = 0820;
				ORGANIZATIONNAME = Makigumo;
				TargetAttributes = {
					37D6E0E61EED92AB00FE96ED = {
						CreatedOnToolsVersion = 8.3.3;
						ProvisioningStyle = Automatic;
					};
				};
			};
			buildConfigurationList = 07F966CF18C5BA1200B394AF /* Build configuration list for PBXProject "MIPSCPU" */;
			compatibilityVersion = "Xcode 3.2";
			developmentRegion = English;
			hasScannedForEncodings = 0;
			knownRegions = (
				en,
			);
			mainGroup = 07F966CB18C5BA1200B394AF;
			productRefGroup = 07F966D518C5BA1200B394AF /* Products */;
			projectDirPath = "";
			projectRoot = "";
			targets = (
				07F966D318C5BA1200B394AF /* MIPSCPU */,
				37D6E0E61EED92AB00FE96ED /* MIPSCPUTests */,
			);
		};
/* End PBXProject section */

/* Begin PBXResourcesBuildPhase section */
		07F966D218C5BA1200B394AF /* Resources */ = {
			isa = PBXResourcesBuildPhase;
			buildActionMask = 2147483647;
			files = (
				371377771DEA2CEC00488C71 /* README.md in Resources */,
				3738176F1DE9F9F00082A38B /* LICENSE in Resources */,
				37AABE1A1DD9B825002E3755 /* InfoPlist.strings in Resources */,
				18391A9A17D73EBB9E02F93D /* opcodes.plist in Resources */,
			);
			runOnlyForDeploymentPostprocessing = 0;
		};
		37D6E0E51EED92AB00FE96ED /* Resources */ = {
			isa = PBXResourcesBuildPhase;
			buildActionMask = 2147483647;
			files = (
			);
			runOnlyForDeploymentPostprocessing = 0;
		};
/* End PBXResourcesBuildPhase section */

/* Begin PBXShellScriptBuildPhase section */
		07F966E818C5BA8B00B394AF /* Run Script (Installation) */ = {
			isa = PBXShellScriptBuildPhase;
			buildActionMask = 2147483647;
			files = (
			);
			inputPaths = (
			);
			name = "Run Script (Installation)";
			outputPaths = (
			);
			runOnlyForDeploymentPostprocessing = 0;
			shellPath = /bin/sh;
			shellScript = "rm -rf \"${INSTALL_PATH}/MIPSCPU.hopperCPU\"\nmkdir -p \"${INSTALL_PATH}\"\ncp -rf \"${BUILT_PRODUCTS_DIR}/MIPSCPU.hopperCPU\" \"${INSTALL_PATH}\"\n";
		};
/* End PBXShellScriptBuildPhase section */

/* Begin PBXSourcesBuildPhase section */
		07F966D018C5BA1200B394AF /* Sources */ = {
			isa = PBXSourcesBuildPhase;
			buildActionMask = 2147483647;
			files = (
				375301D51DF2236600D0F32F /* MipsInstPrinter.c in Sources */,
				375301B91DF222F100D0F32F /* MCInstrDesc.c in Sources */,
				375301D61DF2236600D0F32F /* MipsMapping.c in Sources */,
				375301BC1DF222F100D0F32F /* utils.c in Sources */,
				375301BB1DF222F100D0F32F /* SStream.c in Sources */,
				375301D81DF2236600D0F32F /* MipsModule.c in Sources */,
				375301B71DF222F100D0F32F /* cs.c in Sources */,
				07F966E718C5BA6500B394AF /* MIPSCPU.m in Sources */,
				07F966EB18C5BAFE00B394AF /* MIPSCSCtx.m in Sources */,
				375301BA1DF222F100D0F32F /* MCRegisterInfo.c in Sources */,
				375301CF1DF2236600D0F32F /* MipsDisassembler.c in Sources */,
				375301B81DF222F100D0F32F /* MCInst.c in Sources */,
				18391CBD36501E06EA3EDC71 /* MIPSCtx.m in Sources */,
				183915AE3270FEB5F5F2E6B1 /* InsDef.m in Sources */,
				18391C57AEE8EC3940CF2B23 /* BitRange.m in Sources */,
				1839115A636E1E176363A149 /* InsOp.m in Sources */,
				1839187294BC6F56FF368ED1 /* NSArray+BitRange.m in Sources */,
				18391A9A053B7A534D23557A /* Insn.m in Sources */,
				18391BFFFC3A41E7A5AAFAD5 /* InsCond.m in Sources */,
				18391054057476597C135B4F /* NSArray+InsCond.m in Sources */,
			);
			runOnlyForDeploymentPostprocessing = 0;
		};
		37D6E0E31EED92AB00FE96ED /* Sources */ = {
			isa = PBXSourcesBuildPhase;
			buildActionMask = 2147483647;
			files = (
				37D6E0F11EED988500FE96ED /* InsDef.m in Sources */,
				37D6E0F01EED92CB00FE96ED /* InsDefTests.m in Sources */,
				37D6E0F31EED98AA00FE96ED /* InsOp.m in Sources */,
				37D6E0F21EED98A600FE96ED /* BitRange.m in Sources */,
				1839160EB1DD24924F5342D0 /* BitRangeTests.m in Sources */,
				18391E0457BFE57311A49BA0 /* NSArray+BitRange.m in Sources */,
				18391E1393EED7CC5C373730 /* NSArray+BitRangeTests.m in Sources */,
				183913B08A195E5DC1F04989 /* Insn.m in Sources */,
				1839135D086073BBAE258ACA /* InsCond.m in Sources */,
				183913B94CE0E68A9C1F43CD /* NSArray+InsCond.m in Sources */,
				18391C3D18A66EC0F88A4319 /* InsCondTests.m in Sources */,
				183914DE08D70EAF6963BE5A /* InsOpTests.m in Sources */,
			);
			runOnlyForDeploymentPostprocessing = 0;
		};
/* End PBXSourcesBuildPhase section */

/* Begin PBXVariantGroup section */
		07F966DC18C5BA1200B394AF /* InfoPlist.strings */ = {
			isa = PBXVariantGroup;
			children = (
				07F966DD18C5BA1200B394AF /* en */,
			);
			name = InfoPlist.strings;
			sourceTree = "<group>";
		};
/* End PBXVariantGroup section */

/* Begin XCBuildConfiguration section */
		07F966E018C5BA1200B394AF /* Debug */ = {
			isa = XCBuildConfiguration;
			buildSettings = {
				ALWAYS_SEARCH_USER_PATHS = NO;
				CLANG_CXX_LANGUAGE_STANDARD = "gnu++0x";
				CLANG_CXX_LIBRARY = "libc++";
				CLANG_ENABLE_OBJC_ARC = YES;
				CLANG_WARN_BLOCK_CAPTURE_AUTORELEASING = YES;
				CLANG_WARN_BOOL_CONVERSION = YES;
				CLANG_WARN_COMMA = YES;
				CLANG_WARN_CONSTANT_CONVERSION = YES;
				CLANG_WARN_DIRECT_OBJC_ISA_USAGE = YES_ERROR;
				CLANG_WARN_EMPTY_BODY = YES;
				CLANG_WARN_ENUM_CONVERSION = YES;
				CLANG_WARN_INFINITE_RECURSION = YES;
				CLANG_WARN_INT_CONVERSION = YES;
				CLANG_WARN_NON_LITERAL_NULL_CONVERSION = YES;
				CLANG_WARN_OBJC_LITERAL_CONVERSION = YES;
				CLANG_WARN_OBJC_ROOT_CLASS = YES_ERROR;
				CLANG_WARN_RANGE_LOOP_ANALYSIS = YES;
				CLANG_WARN_STRICT_PROTOTYPES = YES;
				CLANG_WARN_SUSPICIOUS_MOVE = YES;
				CLANG_WARN_UNREACHABLE_CODE = YES;
				CLANG_WARN__DUPLICATE_METHOD_MATCH = YES;
				COPY_PHASE_STRIP = NO;
				ENABLE_STRICT_OBJC_MSGSEND = YES;
				ENABLE_TESTABILITY = YES;
				GCC_C_LANGUAGE_STANDARD = gnu99;
				GCC_DYNAMIC_NO_PIC = NO;
				GCC_ENABLE_OBJC_EXCEPTIONS = YES;
				GCC_NO_COMMON_BLOCKS = YES;
				GCC_OPTIMIZATION_LEVEL = 0;
				GCC_PREPROCESSOR_DEFINITIONS = (
					"DEBUG=1",
					"$(inherited)",
				);
				GCC_SYMBOLS_PRIVATE_EXTERN = NO;
				GCC_WARN_64_TO_32_BIT_CONVERSION = YES;
				GCC_WARN_ABOUT_RETURN_TYPE = YES_ERROR;
				GCC_WARN_UNDECLARED_SELECTOR = YES;
				GCC_WARN_UNINITIALIZED_AUTOS = YES;
				GCC_WARN_UNUSED_FUNCTION = YES;
				GCC_WARN_UNUSED_VARIABLE = YES;
				MACOSX_DEPLOYMENT_TARGET = 10.8;
				ONLY_ACTIVE_ARCH = YES;
				SDKROOT = macosx;
			};
			name = Debug;
		};
		07F966E118C5BA1200B394AF /* Release */ = {
			isa = XCBuildConfiguration;
			buildSettings = {
				ALWAYS_SEARCH_USER_PATHS = NO;
				CLANG_CXX_LANGUAGE_STANDARD = "gnu++0x";
				CLANG_CXX_LIBRARY = "libc++";
				CLANG_ENABLE_OBJC_ARC = YES;
				CLANG_WARN_BLOCK_CAPTURE_AUTORELEASING = YES;
				CLANG_WARN_BOOL_CONVERSION = YES;
				CLANG_WARN_COMMA = YES;
				CLANG_WARN_CONSTANT_CONVERSION = YES;
				CLANG_WARN_DIRECT_OBJC_ISA_USAGE = YES_ERROR;
				CLANG_WARN_EMPTY_BODY = YES;
				CLANG_WARN_ENUM_CONVERSION = YES;
				CLANG_WARN_INFINITE_RECURSION = YES;
				CLANG_WARN_INT_CONVERSION = YES;
				CLANG_WARN_NON_LITERAL_NULL_CONVERSION = YES;
				CLANG_WARN_OBJC_LITERAL_CONVERSION = YES;
				CLANG_WARN_OBJC_ROOT_CLASS = YES_ERROR;
				CLANG_WARN_RANGE_LOOP_ANALYSIS = YES;
				CLANG_WARN_STRICT_PROTOTYPES = YES;
				CLANG_WARN_SUSPICIOUS_MOVE = YES;
				CLANG_WARN_UNREACHABLE_CODE = YES;
				CLANG_WARN__DUPLICATE_METHOD_MATCH = YES;
				COPY_PHASE_STRIP = YES;
				DEBUG_INFORMATION_FORMAT = "dwarf-with-dsym";
				ENABLE_NS_ASSERTIONS = NO;
				ENABLE_STRICT_OBJC_MSGSEND = YES;
				GCC_C_LANGUAGE_STANDARD = gnu99;
				GCC_ENABLE_OBJC_EXCEPTIONS = YES;
				GCC_NO_COMMON_BLOCKS = YES;
				GCC_WARN_64_TO_32_BIT_CONVERSION = YES;
				GCC_WARN_ABOUT_RETURN_TYPE = YES_ERROR;
				GCC_WARN_UNDECLARED_SELECTOR = YES;
				GCC_WARN_UNINITIALIZED_AUTOS = YES;
				GCC_WARN_UNUSED_FUNCTION = YES;
				GCC_WARN_UNUSED_VARIABLE = YES;
				MACOSX_DEPLOYMENT_TARGET = 10.8;
				SDKROOT = macosx;
			};
			name = Release;
		};
		07F966E318C5BA1200B394AF /* Debug */ = {
			isa = XCBuildConfiguration;
			buildSettings = {
				APPLY_RULES_IN_COPY_FILES = YES;
				COMBINE_HIDPI_IMAGES = YES;
				GCC_PRECOMPILE_PREFIX_HEADER = YES;
				GCC_PREFIX_HEADER = "MIPSCPU/MIPSCPU-Prefix.pch";
				GCC_PREPROCESSOR_DEFINITIONS = (
					"DEBUG=1",
					CAPSTONE_USE_SYS_DYN_MEM,
					CAPSTONE_HAS_MIPS,
				);
				HEADER_SEARCH_PATHS = (
					"$(inherited)",
					/Applications/Xcode.app/Contents/Developer/Toolchains/XcodeDefault.xctoolchain/usr/include,
					"$(SRCROOT)/HopperSDK/include",
					"$(SRCROOT)/MIPSCPU",
					"$(SRCROOT)/capstone/include",
				);
				INFOPLIST_FILE = "MIPSCPU/MIPSCPU-Info.plist";
				INSTALL_PATH = "$(USER_LIBRARY_DIR)/Application Support/Hopper/PlugIns/v4/CPUs";
				MACOSX_DEPLOYMENT_TARGET = 10.9;
				PLIST_FILE_OUTPUT_FORMAT = binary;
				PRODUCT_BUNDLE_IDENTIFIER = com.makigumo.MIPSCPU;
				PRODUCT_NAME = "$(TARGET_NAME)";
				WRAPPER_EXTENSION = hopperCPU;
			};
			name = Debug;
		};
		07F966E418C5BA1200B394AF /* Release */ = {
			isa = XCBuildConfiguration;
			buildSettings = {
				APPLY_RULES_IN_COPY_FILES = YES;
				COMBINE_HIDPI_IMAGES = YES;
				GCC_PRECOMPILE_PREFIX_HEADER = YES;
				GCC_PREFIX_HEADER = "MIPSCPU/MIPSCPU-Prefix.pch";
				GCC_PREPROCESSOR_DEFINITIONS = (
					CAPSTONE_USE_SYS_DYN_MEM,
					CAPSTONE_HAS_MIPS,
				);
				HEADER_SEARCH_PATHS = (
					"$(inherited)",
					/Applications/Xcode.app/Contents/Developer/Toolchains/XcodeDefault.xctoolchain/usr/include,
					"$(SRCROOT)/HopperSDK/include",
					"$(SRCROOT)/MIPSCPU",
					"$(SRCROOT)/capstone/include",
				);
				INFOPLIST_FILE = "MIPSCPU/MIPSCPU-Info.plist";
				INSTALL_PATH = "$(USER_LIBRARY_DIR)/Application Support/Hopper/PlugIns/v4/CPUs";
				MACOSX_DEPLOYMENT_TARGET = 10.9;
				PLIST_FILE_OUTPUT_FORMAT = binary;
				PRODUCT_BUNDLE_IDENTIFIER = com.makigumo.MIPSCPU;
				PRODUCT_NAME = "$(TARGET_NAME)";
				WRAPPER_EXTENSION = hopperCPU;
			};
			name = Release;
		};
		37D6E0ED1EED92AB00FE96ED /* Debug */ = {
			isa = XCBuildConfiguration;
			buildSettings = {
				CLANG_ANALYZER_NONNULL = YES;
				CLANG_ANALYZER_NUMBER_OBJECT_CONVERSION = YES_AGGRESSIVE;
				CLANG_ENABLE_MODULES = YES;
				CLANG_WARN_DOCUMENTATION_COMMENTS = YES;
				CODE_SIGN_IDENTITY = "-";
				COMBINE_HIDPI_IMAGES = YES;
				DEBUG_INFORMATION_FORMAT = dwarf;
				GCC_WARN_UNINITIALIZED_AUTOS = YES_AGGRESSIVE;
				HEADER_SEARCH_PATHS = (
					"$(inherited)",
					/Applications/Xcode.app/Contents/Developer/Toolchains/XcodeDefault.xctoolchain/usr/include,
					"$(SRCROOT)/HopperSDK/include",
					"$(SRCROOT)/MIPSCPU",
					"$(SRCROOT)/capstone/include",
				);
				INFOPLIST_FILE = MIPSCPUTests/Info.plist;
				LD_RUNPATH_SEARCH_PATHS = "$(inherited) @executable_path/../Frameworks @loader_path/../Frameworks";
				MACOSX_DEPLOYMENT_TARGET = 10.9;
				MTL_ENABLE_DEBUG_INFO = YES;
				PRODUCT_BUNDLE_IDENTIFIER = com.makigumo.MIPSCPUTests;
				PRODUCT_NAME = "$(TARGET_NAME)";
			};
			name = Debug;
		};
		37D6E0EE1EED92AB00FE96ED /* Release */ = {
			isa = XCBuildConfiguration;
			buildSettings = {
				CLANG_ANALYZER_NONNULL = YES;
				CLANG_ANALYZER_NUMBER_OBJECT_CONVERSION = YES_AGGRESSIVE;
				CLANG_ENABLE_MODULES = YES;
				CLANG_WARN_DOCUMENTATION_COMMENTS = YES;
				CODE_SIGN_IDENTITY = "-";
				COMBINE_HIDPI_IMAGES = YES;
				COPY_PHASE_STRIP = NO;
				GCC_WARN_UNINITIALIZED_AUTOS = YES_AGGRESSIVE;
				HEADER_SEARCH_PATHS = (
					"$(inherited)",
					/Applications/Xcode.app/Contents/Developer/Toolchains/XcodeDefault.xctoolchain/usr/include,
					"$(SRCROOT)/HopperSDK/include",
					"$(SRCROOT)/MIPSCPU",
					"$(SRCROOT)/capstone/include",
				);
				INFOPLIST_FILE = MIPSCPUTests/Info.plist;
				LD_RUNPATH_SEARCH_PATHS = "$(inherited) @executable_path/../Frameworks @loader_path/../Frameworks";
				MACOSX_DEPLOYMENT_TARGET = 10.9;
				MTL_ENABLE_DEBUG_INFO = NO;
				PRODUCT_BUNDLE_IDENTIFIER = com.makigumo.MIPSCPUTests;
				PRODUCT_NAME = "$(TARGET_NAME)";
			};
			name = Release;
		};
/* End XCBuildConfiguration section */

/* Begin XCConfigurationList section */
		07F966CF18C5BA1200B394AF /* Build configuration list for PBXProject "MIPSCPU" */ = {
			isa = XCConfigurationList;
			buildConfigurations = (
				07F966E018C5BA1200B394AF /* Debug */,
				07F966E118C5BA1200B394AF /* Release */,
			);
			defaultConfigurationIsVisible = 0;
			defaultConfigurationName = Release;
		};
		07F966E218C5BA1200B394AF /* Build configuration list for PBXNativeTarget "MIPSCPU" */ = {
			isa = XCConfigurationList;
			buildConfigurations = (
				07F966E318C5BA1200B394AF /* Debug */,
				07F966E418C5BA1200B394AF /* Release */,
			);
			defaultConfigurationIsVisible = 0;
			defaultConfigurationName = Release;
		};
		37D6E0EC1EED92AB00FE96ED /* Build configuration list for PBXNativeTarget "MIPSCPUTests" */ = {
			isa = XCConfigurationList;
			buildConfigurations = (
				37D6E0ED1EED92AB00FE96ED /* Debug */,
				37D6E0EE1EED92AB00FE96ED /* Release */,
			);
			defaultConfigurationIsVisible = 0;
			defaultConfigurationName = Release;
		};
/* End XCConfigurationList section */
	};
	rootObject = 07F966CC18C5BA1200B394AF /* Project object */;
}
