<?xml version="1.0" encoding="UTF-8"?>
<Scheme
   version = "1.3">
   <BuildAction>
      <BuildActionEntries>
         <BuildActionEntry
            buildForRunning = "YES"
            buildForTesting = "YES">
            <BuildableReference
               BuildableIdentifier = "primary"
               BlueprintIdentifier = "37D6E0E61EED92AB00FE96ED"
               BuildableName = "MIPSCPUTests.xctest"
               BlueprintName = "MIPSCPUTests"
               ReferencedContainer = "container:MIPSCPU.xcodeproj">
            </BuildableReference>
         </BuildActionEntry>
      </BuildActionEntries>
   </BuildAction>
   <TestAction
      buildConfiguration = "Debug">
      <Testables>
         <TestableReference>
            <BuildableReference
               BuildableIdentifier = "primary"
               BlueprintIdentifier = "37D6E0E61EED92AB00FE96ED"
               BuildableName = "MIPSCPUTests.xctest"
               BlueprintName = "MIPSCPUTests"
               ReferencedContainer = "container:MIPSCPU.xcodeproj">
            </BuildableReference>
         </TestableReference>
      </Testables>
   </TestAction>
   <LaunchAction
      useCustomWorkingDirectory = "NO"
      allowLocationSimulation = "YES">
   </LaunchAction>
</Scheme>
